
Microsoft Visual Studio Solution File, Format Version 12.00
# Visual Studio 15
VisualStudioVersion = 15.0.28010.2003
MinimumVisualStudioVersion = 10.0.40219.1
Project("{FAE04EC0-301F-11D3-BF4B-00C04F79EFBC}") = "TechChallenge.UI", "TechChallenge\TechChallenge.UI.csproj", "{970B7569-9B9D-4192-9B06-55B17EAA5235}"
EndProject
Project("{FAE04EC0-301F-11D3-BF4B-00C04F79EFBC}") = "TechChallenge.Api", "TechChallenge.Api\TechChallenge.Api.csproj", "{72044BC7-9C89-4078-A6EE-82562C71E4C2}"
EndProject
Project("{FAE04EC0-301F-11D3-BF4B-00C04F79EFBC}") = "TechChallenge.Test", "TechChallenge.Test\TechChallenge.Test.csproj", "{80E1E8C6-B322-4E9E-95EE-FD3C36BBC882}"
EndProject
Project("{FAE04EC0-301F-11D3-BF4B-00C04F79EFBC}") = "TechChallenge.Services", "TechChallenge.Services\TechChallenge.Services.csproj", "{12ADA58F-EDC3-4440-9605-B8321438E1F9}"
EndProject
Global
	GlobalSection(SolutionConfigurationPlatforms) = preSolution
		Debug|Any CPU = Debug|Any CPU
		Release|Any CPU = Release|Any CPU
	EndGlobalSection
	GlobalSection(ProjectConfigurationPlatforms) = postSolution
		{970B7569-9B9D-4192-9B06-55B17EAA5235}.Debug|Any CPU.ActiveCfg = Debug|Any CPU
		{970B7569-9B9D-4192-9B06-55B17EAA5235}.Debug|Any CPU.Build.0 = Debug|Any CPU
		{970B7569-9B9D-4192-9B06-55B17EAA5235}.Release|Any CPU.ActiveCfg = Release|Any CPU
		{970B7569-9B9D-4192-9B06-55B17EAA5235}.Release|Any CPU.Build.0 = Release|Any CPU
		{72044BC7-9C89-4078-A6EE-82562C71E4C2}.Debug|Any CPU.ActiveCfg = Debug|Any CPU
		{72044BC7-9C89-4078-A6EE-82562C71E4C2}.Debug|Any CPU.Build.0 = Debug|Any CPU
		{72044BC7-9C89-4078-A6EE-82562C71E4C2}.Release|Any CPU.ActiveCfg = Release|Any CPU
		{72044BC7-9C89-4078-A6EE-82562C71E4C2}.Release|Any CPU.Build.0 = Release|Any CPU
		{80E1E8C6-B322-4E9E-95EE-FD3C36BBC882}.Debug|Any CPU.ActiveCfg = Debug|Any CPU
		{80E1E8C6-B322-4E9E-95EE-FD3C36BBC882}.Debug|Any CPU.Build.0 = Debug|Any CPU
		{80E1E8C6-B322-4E9E-95EE-FD3C36BBC882}.Release|Any CPU.ActiveCfg = Release|Any CPU
		{80E1E8C6-B322-4E9E-95EE-FD3C36BBC882}.Release|Any CPU.Build.0 = Release|Any CPU
		{12ADA58F-EDC3-4440-9605-B8321438E1F9}.Debug|Any CPU.ActiveCfg = Debug|Any CPU
		{12ADA58F-EDC3-4440-9605-B8321438E1F9}.Debug|Any CPU.Build.0 = Debug|Any CPU
		{12ADA58F-EDC3-4440-9605-B8321438E1F9}.Release|Any CPU.ActiveCfg = Release|Any CPU
		{12ADA58F-EDC3-4440-9605-B8321438E1F9}.Release|Any CPU.Build.0 = Release|Any CPU
	EndGlobalSection
	GlobalSection(SolutionProperties) = preSolution
		HideSolutionNode = FALSE
	EndGlobalSection
	GlobalSection(ExtensibilityGlobals) = postSolution
		SolutionGuid = {649572EB-0FE2-41B1-91EE-0FEFF1E22E9C}
	EndGlobalSection
EndGlobal
